Microsoft Visual Studio Solution File, Format Version 11.00
# Visual Studio 2010
Project("{2150E333-8FDC-42A3-9474-1A3956D46DE8}") = "OpenMI-SDK", "OpenMI-SDK", "{54A712C6-0C45-4C4D-A0FD-046DCE6340A7}"
EndProject
Project("{FAE04EC0-301F-11D3-BF4B-00C04F79EFBC}") = "RTCTools.OpenMI.Sdk.Backbone", "..\FBCToolsOpenMI\thirdParty\Oatc.SDK_1.4.0.0\Oatc\src\csharp\Sdk\Backbone\RTCTools.OpenMI.Sdk.Backbone.csproj", "{23C206AE-CBEF-4FD1-9928-BF04147B62B2}"
EndProject
Project("{FAE04EC0-301F-11D3-BF4B-00C04F79EFBC}") = "RTCTools.OpenMI.Sdk.Buffer", "..\FBCToolsOpenMI\thirdParty\Oatc.SDK_1.4.0.0\Oatc\src\csharp\Sdk\Buffer\RTCTools.OpenMI.Sdk.Buffer.csproj", "{C9844E74-074D-46FA-AEF6-371B3481468B}"
EndProject
Project("{FAE04EC0-301F-11D3-BF4B-00C04F79EFBC}") = "RTCTools.OpenMI.Sdk.DevelopmentSupport", "..\FBCToolsOpenMI\thirdParty\Oatc.SDK_1.4.0.0\Oatc\src\csharp\Sdk\DevelopmentSupport\RTCTools.OpenMI.Sdk.DevelopmentSupport.csproj", "{B7BE8C7F-0679-4022-81A5-6A314C058429}"
EndProject
Project("{FAE04EC0-301F-11D3-BF4B-00C04F79EFBC}") = "RTCTools.OpenMI.Sdk.Spatial", "..\FBCToolsOpenMI\thirdParty\Oatc.SDK_1.4.0.0\Oatc\src\csharp\Sdk\Spatial\RTCTools.OpenMI.Sdk.Spatial.csproj", "{4EFA1DE2-9C54-4C3F-94B1-89EA6D8E916C}"
EndProject
Project("{FAE04EC0-301F-11D3-BF4B-00C04F79EFBC}") = "RTCTools.OpenMI.Sdk.Wrapper", "..\FBCToolsOpenMI\thirdParty\Oatc.SDK_1.4.0.0\Oatc\src\csharp\Sdk\Wrapper\RTCTools.OpenMI.Sdk.Wrapper.csproj", "{3DF52260-A727-405B-88A8-630BCE9085AC}"
EndProject
Project("{2150E333-8FDC-42A3-9474-1A3956D46DE8}") = "FBCToolsOpenMI", "FBCToolsOpenMI", "{6537E6ED-85A9-4AA6-B32D-C4CC8CF97D07}"
EndProject
Project("{FAE04EC0-301F-11D3-BF4B-00C04F79EFBC}") = "Deltares.RtcTools.Net", "..\FBCToolsOpenMI\src\Deltares.RtcTools.Net\Deltares.RtcTools.Net.csproj", "{7568505F-03CD-42CB-BD7E-D02A623D0226}"
EndProject
Project("{FAE04EC0-301F-11D3-BF4B-00C04F79EFBC}") = "Deltares.RtcToolsWrapper", "..\FBCToolsOpenMI\src\Deltares.RtcToolsWrapper.csproj", "{F45BB631-9C3C-44A1-9DB4-11743E708AF3}"
EndProject
Global
	GlobalSection(SolutionConfigurationPlatforms) = preSolution
		Debug|Win32 = Debug|Win32
		Debug|x64 = Debug|x64
		Release|Win32 = Release|Win32
		Release|x64 = Release|x64
		ReleaseMKL|Win32 = ReleaseMKL|Win32
		ReleaseMKL|x64 = ReleaseMKL|x64
	EndGlobalSection
	GlobalSection(ProjectConfigurationPlatforms) = postSolution
		{23C206AE-CBEF-4FD1-9928-BF04147B62B2}.Debug|Win32.ActiveCfg = Debug|Any CPU
		{23C206AE-CBEF-4FD1-9928-BF04147B62B2}.Debug|Win32.Build.0 = Debug|Any CPU
		{23C206AE-CBEF-4FD1-9928-BF04147B62B2}.Debug|x64.ActiveCfg = Debug|Any CPU
		{23C206AE-CBEF-4FD1-9928-BF04147B62B2}.Debug|x64.Build.0 = Debug|Any CPU
		{23C206AE-CBEF-4FD1-9928-BF04147B62B2}.Release|Win32.ActiveCfg = Release|Any CPU
		{23C206AE-CBEF-4FD1-9928-BF04147B62B2}.Release|Win32.Build.0 = Release|Any CPU
		{23C206AE-CBEF-4FD1-9928-BF04147B62B2}.Release|x64.ActiveCfg = Release|Any CPU
		{23C206AE-CBEF-4FD1-9928-BF04147B62B2}.Release|x64.Build.0 = Release|Any CPU
		{23C206AE-CBEF-4FD1-9928-BF04147B62B2}.ReleaseMKL|Win32.ActiveCfg = Release|Any CPU
		{23C206AE-CBEF-4FD1-9928-BF04147B62B2}.ReleaseMKL|x64.ActiveCfg = Release|Any CPU
		{C9844E74-074D-46FA-AEF6-371B3481468B}.Debug|Win32.ActiveCfg = Debug|Any CPU
		{C9844E74-074D-46FA-AEF6-371B3481468B}.Debug|Win32.Build.0 = Debug|Any CPU
		{C9844E74-074D-46FA-AEF6-371B3481468B}.Debug|x64.ActiveCfg = Debug|Any CPU
		{C9844E74-074D-46FA-AEF6-371B3481468B}.Debug|x64.Build.0 = Debug|Any CPU
		{C9844E74-074D-46FA-AEF6-371B3481468B}.Release|Win32.ActiveCfg = Release|Any CPU
		{C9844E74-074D-46FA-AEF6-371B3481468B}.Release|Win32.Build.0 = Release|Any CPU
		{C9844E74-074D-46FA-AEF6-371B3481468B}.Release|x64.ActiveCfg = Release|Any CPU
		{C9844E74-074D-46FA-AEF6-371B3481468B}.Release|x64.Build.0 = Release|Any CPU
		{C9844E74-074D-46FA-AEF6-371B3481468B}.ReleaseMKL|Win32.ActiveCfg = Release|Any CPU
		{C9844E74-074D-46FA-AEF6-371B3481468B}.ReleaseMKL|x64.ActiveCfg = Release|Any CPU
		{B7BE8C7F-0679-4022-81A5-6A314C058429}.Debug|Win32.ActiveCfg = Debug|Any CPU
		{B7BE8C7F-0679-4022-81A5-6A314C058429}.Debug|Win32.Build.0 = Debug|Any CPU
		{B7BE8C7F-0679-4022-81A5-6A314C058429}.Debug|x64.ActiveCfg = Debug|Any CPU
		{B7BE8C7F-0679-4022-81A5-6A314C058429}.Debug|x64.Build.0 = Debug|Any CPU
		{B7BE8C7F-0679-4022-81A5-6A314C058429}.Release|Win32.ActiveCfg = Release|Any CPU
		{B7BE8C7F-0679-4022-81A5-6A314C058429}.Release|Win32.Build.0 = Release|Any CPU
		{B7BE8C7F-0679-4022-81A5-6A314C058429}.Release|x64.ActiveCfg = Release|Any CPU
		{B7BE8C7F-0679-4022-81A5-6A314C058429}.Release|x64.Build.0 = Release|Any CPU
		{B7BE8C7F-0679-4022-81A5-6A314C058429}.ReleaseMKL|Win32.ActiveCfg = Release|Any CPU
		{B7BE8C7F-0679-4022-81A5-6A314C058429}.ReleaseMKL|x64.ActiveCfg = Release|Any CPU
		{4EFA1DE2-9C54-4C3F-94B1-89EA6D8E916C}.Debug|Win32.ActiveCfg = Debug|Any CPU
		{4EFA1DE2-9C54-4C3F-94B1-89EA6D8E916C}.Debug|Win32.Build.0 = Debug|Any CPU
		{4EFA1DE2-9C54-4C3F-94B1-89EA6D8E916C}.Debug|x64.ActiveCfg = Debug|Any CPU
		{4EFA1DE2-9C54-4C3F-94B1-89EA6D8E916C}.Debug|x64.Build.0 = Debug|Any CPU
		{4EFA1DE2-9C54-4C3F-94B1-89EA6D8E916C}.Release|Win32.ActiveCfg = Release|Any CPU
		{4EFA1DE2-9C54-4C3F-94B1-89EA6D8E916C}.Release|Win32.Build.0 = Release|Any CPU
		{4EFA1DE2-9C54-4C3F-94B1-89EA6D8E916C}.Release|x64.ActiveCfg = Release|Any CPU
		{4EFA1DE2-9C54-4C3F-94B1-89EA6D8E916C}.Release|x64.Build.0 = Release|Any CPU
		{4EFA1DE2-9C54-4C3F-94B1-89EA6D8E916C}.ReleaseMKL|Win32.ActiveCfg = Release|Any CPU
		{4EFA1DE2-9C54-4C3F-94B1-89EA6D8E916C}.ReleaseMKL|x64.ActiveCfg = Release|Any CPU
		{3DF52260-A727-405B-88A8-630BCE9085AC}.Debug|Win32.ActiveCfg = Debug|Any CPU
		{3DF52260-A727-405B-88A8-630BCE9085AC}.Debug|Win32.Build.0 = Debug|Any CPU
		{3DF52260-A727-405B-88A8-630BCE9085AC}.Debug|x64.ActiveCfg = Debug|Any CPU
		{3DF52260-A727-405B-88A8-630BCE9085AC}.Debug|x64.Build.0 = Debug|Any CPU
		{3DF52260-A727-405B-88A8-630BCE9085AC}.Release|Win32.ActiveCfg = Release|Any CPU
		{3DF52260-A727-405B-88A8-630BCE9085AC}.Release|Win32.Build.0 = Release|Any CPU
		{3DF52260-A727-405B-88A8-630BCE9085AC}.Release|x64.ActiveCfg = Release|Any CPU
		{3DF52260-A727-405B-88A8-630BCE9085AC}.Release|x64.Build.0 = Release|Any CPU
		{3DF52260-A727-405B-88A8-630BCE9085AC}.ReleaseMKL|Win32.ActiveCfg = Release|Any CPU
		{3DF52260-A727-405B-88A8-630BCE9085AC}.ReleaseMKL|x64.ActiveCfg = Release|Any CPU
		{7568505F-03CD-42CB-BD7E-D02A623D0226}.Debug|Win32.ActiveCfg = Debug|Any CPU
		{7568505F-03CD-42CB-BD7E-D02A623D0226}.Debug|Win32.Build.0 = Debug|Any CPU
		{7568505F-03CD-42CB-BD7E-D02A623D0226}.Debug|x64.ActiveCfg = Debug|Any CPU
		{7568505F-03CD-42CB-BD7E-D02A623D0226}.Debug|x64.Build.0 = Debug|Any CPU
		{7568505F-03CD-42CB-BD7E-D02A623D0226}.Release|Win32.ActiveCfg = Release|Any CPU
		{7568505F-03CD-42CB-BD7E-D02A623D0226}.Release|Win32.Build.0 = Release|Any CPU
		{7568505F-03CD-42CB-BD7E-D02A623D0226}.Release|x64.ActiveCfg = Release|Any CPU
		{7568505F-03CD-42CB-BD7E-D02A623D0226}.Release|x64.Build.0 = Release|Any CPU
		{7568505F-03CD-42CB-BD7E-D02A623D0226}.ReleaseMKL|Win32.ActiveCfg = Release|Any CPU
		{7568505F-03CD-42CB-BD7E-D02A623D0226}.ReleaseMKL|x64.ActiveCfg = Release|Any CPU
		{F45BB631-9C3C-44A1-9DB4-11743E708AF3}.Debug|Win32.ActiveCfg = Debug|win32
		{F45BB631-9C3C-44A1-9DB4-11743E708AF3}.Debug|Win32.Build.0 = Debug|win32
		{F45BB631-9C3C-44A1-9DB4-11743E708AF3}.Debug|x64.ActiveCfg = Debug|x64
		{F45BB631-9C3C-44A1-9DB4-11743E708AF3}.Debug|x64.Build.0 = Debug|x64
		{F45BB631-9C3C-44A1-9DB4-11743E708AF3}.Release|Win32.ActiveCfg = Release|win32
		{F45BB631-9C3C-44A1-9DB4-11743E708AF3}.Release|Win32.Build.0 = Release|win32
		{F45BB631-9C3C-44A1-9DB4-11743E708AF3}.Release|x64.ActiveCfg = Release|x64
		{F45BB631-9C3C-44A1-9DB4-11743E708AF3}.Release|x64.Build.0 = Release|x64
		{F45BB631-9C3C-44A1-9DB4-11743E708AF3}.ReleaseMKL|Win32.ActiveCfg = Release|x64
		{F45BB631-9C3C-44A1-9DB4-11743E708AF3}.ReleaseMKL|x64.ActiveCfg = Release|x64
		{F45BB631-9C3C-44A1-9DB4-11743E708AF3}.ReleaseMKL|x64.Build.0 = Release|x64
	EndGlobalSection
	GlobalSection(SolutionProperties) = preSolution
		HideSolutionNode = FALSE
	EndGlobalSection
	GlobalSection(NestedProjects) = preSolution
		{54A712C6-0C45-4C4D-A0FD-046DCE6340A7} = {6537E6ED-85A9-4AA6-B32D-C4CC8CF97D07}
		{7568505F-03CD-42CB-BD7E-D02A623D0226} = {6537E6ED-85A9-4AA6-B32D-C4CC8CF97D07}
		{F45BB631-9C3C-44A1-9DB4-11743E708AF3} = {6537E6ED-85A9-4AA6-B32D-C4CC8CF97D07}
		{C9844E74-074D-46FA-AEF6-371B3481468B} = {54A712C6-0C45-4C4D-A0FD-046DCE6340A7}
		{B7BE8C7F-0679-4022-81A5-6A314C058429} = {54A712C6-0C45-4C4D-A0FD-046DCE6340A7}
		{4EFA1DE2-9C54-4C3F-94B1-89EA6D8E916C} = {54A712C6-0C45-4C4D-A0FD-046DCE6340A7}
		{3DF52260-A727-405B-88A8-630BCE9085AC} = {54A712C6-0C45-4C4D-A0FD-046DCE6340A7}
		{23C206AE-CBEF-4FD1-9928-BF04147B62B2} = {54A712C6-0C45-4C4D-A0FD-046DCE6340A7}
	EndGlobalSection
EndGlobal
