{
    "version": "0.5",
    "requires": [
        "zlib/1.3.2#7785cdb3a85f7c138a9c4f91f36ba701%1779109986.0692418",
        "sqlite3/3.53.0#324ada52333108388a9a6108bfa96734%1779109986.5281825",
        "proj/9.3.1#5b9e6834ed6ebcaddee89f09266ba8dd%1779109986.4194758",
        "nlohmann_json/3.11.3#45828be26eb619a2e04ca517bb7b828d%1779109986.4806163",
        "netcdf-fortran/4.6.2#aba1b15e742a5fad99c65d93ab9ae778%1779109986.2587004",
        "netcdf/4.9.2#b26ea42cf14b8eb1712744efe29022ba%1779109986.2171917",
        "libtiff/4.7.1#c9a3c594b285692ffc74dabd0b1f7640%1779109986.3133543",
        "libgeotiff/1.7.1#94cf0d7b12e8876c6590548445f02d6d%1779109986.6804814",
        "json-c/0.17#c01dc2f90ca2785d218c9c12d2587c69%1779109986.6353633",
        "hdf5/1.14.6#df3b3e098da82f5582509e960eb5d1d3%1779109986.122444",
        "gdal/3.12.1#13e5f15ce622653921ed730f716f3940%1779109986.5905302",
        "expat/2.8.0#a853bee3816ac79a899532786508152a%1779109986.7240202"
    ],
    "build_requires": [
        "sqlite3/3.53.0#324ada52333108388a9a6108bfa96734%1779109986.5281825",
        "cmake/4.3.2#c740c22f711eb5ef0cec51c40b84657b%1779109986.369279",
        "cmake/3.31.12#074b543418bfd044b7171af3399d8602%1779109986.175536"
    ],
    "python_requires": [],
    "config_requires": []
}
