{
    "version": "0.5",
    "requires": [
        "zlib/1.3.2#7785cdb3a85f7c138a9c4f91f36ba701%1790061571.531794",
        "triangle/1.6-deltares.2#2343c1384ebb66274e4ccae3f4babae0%1790061571.860563",
        "sqlite3/3.53.1#886c510c5d3908b84a9b0766ac958cce%1790061571.7234488",
        "proj/9.3.1#29d7cde88e270fd3a138bb0f32a8438b%1790061571.6714928",
        "precice/3.4.1#065ec24efacc1c68919346fbb8334559%1790061572.0409043",
        "petsc/3.25.3#79677ca26746e29883aa1bafa4a5fd4e%1790061571.8382618",
        "nlohmann_json/3.11.3#45828be26eb619a2e04ca517bb7b828d%1790061571.6979342",
        "netcdf-fortran/4.6.2#3528ce2a1effda68860c79af405ec2b4%1790061571.6272826",
        "netcdf/4.9.2#d002a17df660f845ea74d760b2079c74%1790061571.6061428",
        "libxml2/2.15.3#3406c6d8d327e9b84c0c894feb859514%1790061572.0186312",
        "libtiff/4.7.1#c9a3c594b285692ffc74dabd0b1f7640%1790061571.64877",
        "libgeotiff/1.7.1#94cf0d7b12e8876c6590548445f02d6d%1790061571.7942007",
        "json-c/0.17#c01dc2f90ca2785d218c9c12d2587c69%1790061571.7737477",
        "inja/3.5.0#f044fce3e7ba3e0516a9f50c96d141ce%1790061572.079119",
        "hdf5/1.14.2#16f2ae78952aceb3474c1a3f6c1f876e%1790061571.5560348",
        "gtest/1.18.0#e2507fc4efe2ec9e2db9e5c91eefab9f%1790061572.060984",
        "gdal/3.12.1#6f414e825e44c0c83326681be6581b0a%1790061571.7502236",
        "expat/2.8.0#a853bee3816ac79a899532786508152a%1790061571.8159046",
        "eigen/5.0.1#5f0f72e012979ebc4dfc038c701b81ea%1790061572.000686",
        "boost/1.90.0#a1b1e0a78c5a7c7d87c8bb4b7cbb728a%1790061571.9299352"
    ],
    "build_requires": [
        "sqlite3/3.53.1#886c510c5d3908b84a9b0766ac958cce%1790061571.7234488",
        "cmake/4.3.2#5bae0b181463ca4dc3e924a981367ee6%1790061571.584101",
        "b2/5.5.3#043a75bcbb090e3f81f7ac849850d0ca%1790061571.9813564"
    ],
    "python_requires": [],
    "config_requires": []
}
