{
    "version": "0.5",
    "requires": [
        "zlib/1.3.2#7785cdb3a85f7c138a9c4f91f36ba701%1785745282.6630664",
        "triangle/1.6-deltares.2#2343c1384ebb66274e4ccae3f4babae0%1785745288.7472599",
        "sqlite3/3.53.1#886c510c5d3908b84a9b0766ac958cce%1785745283.99836",
        "proj/9.3.1#29d7cde88e270fd3a138bb0f32a8438b%1785745283.7009175",
        "precice/3.4.1#c5e2e4403fca029627a1bccfb308713b%1785745290.767599",
        "petsc/3.25.3#79677ca26746e29883aa1bafa4a5fd4e%1785745287.8686538",
        "nlohmann_json/3.11.3#45828be26eb619a2e04ca517bb7b828d%1785745283.858376",
        "netcdf-fortran/4.6.2#0297d442dccc836d6dd5b29493d447cc%1785745283.3648899",
        "netcdf/4.9.2#e7c84a1fd8b54b8243cf5c79380e52d9%1785745283.1929996",
        "libxml2/2.15.3#3406c6d8d327e9b84c0c894feb859514%1785745290.3482912",
        "libtiff/4.7.1#c9a3c594b285692ffc74dabd0b1f7640%1785745283.5394382",
        "libgeotiff/1.7.1#94cf0d7b12e8876c6590548445f02d6d%1785745284.417378",
        "json-c/0.17#c01dc2f90ca2785d218c9c12d2587c69%1785745284.286281",
        "hdf5/1.14.2#e11564a0e512f3387e8201ba38aea856%1785745282.8329208",
        "gdal/3.12.1#6f414e825e44c0c83326681be6581b0a%1785745284.1673105",
        "expat/2.8.0#a853bee3816ac79a899532786508152a%1785745284.784576",
        "eigen/5.0.1#5f0f72e012979ebc4dfc038c701b81ea%1785745290.1464574",
        "boost/1.90.0#cd8d6667856c182d561afc841f1a8252%1785745289.405419"
    ],
    "build_requires": [
        "sqlite3/3.53.1#886c510c5d3908b84a9b0766ac958cce%1785745283.99836",
        "cmake/4.3.2#5bae0b181463ca4dc3e924a981367ee6%1785745283.014982",
        "b2/5.5.3#043a75bcbb090e3f81f7ac849850d0ca%1785745289.9614482"
    ],
    "python_requires": [],
    "config_requires": []
}
