<Solution>

  <Folder Name="/.Solution Items/">
    <File Path="Directory.Build.props" />
    <File Path="Directory.Packages.props" />
    <File Path="global.json" />
  </Folder>

  <Project Path="src/DFlowFM.IO.NET.Generators/DFlowFM.IO.NET.Generators.csproj" />
  <Project Path="src/DFlowFM.IO.NET/DFlowFM.IO.NET.csproj" />
  <Project Path="test/DFlowFM.IO.NET.Tests/DFlowFM.IO.NET.Tests.csproj" />

</Solution>